
Microsoft Visual Studio Solution File, Format Version 12.00
# Visual Studio Version 17
VisualStudioVersion = 17.3.32901.215
MinimumVisualStudioVersion = 10.0.40219.1
Project("{FAE04EC0-301F-11D3-BF4B-00C04F79EFBC}") = "Bai07_BT", "Bai07_BT\Bai07_BT.csproj", "{4E2D9FCC-0B25-4748-A39C-0C8033A88384}"
EndProject
Global
	GlobalSection(SolutionConfigurationPlatforms) = preSolution
		Debug|Any CPU = Debug|Any CPU
		Release|Any CPU = Release|Any CPU
	EndGlobalSection
	GlobalSection(ProjectConfigurationPlatforms) = postSolution
		{4E2D9FCC-0B25-4748-A39C-0C8033A88384}.Debug|Any CPU.ActiveCfg = Debug|Any CPU
		{4E2D9FCC-0B25-4748-A39C-0C8033A88384}.Debug|Any CPU.Build.0 = Debug|Any CPU
		{4E2D9FCC-0B25-4748-A39C-0C8033A88384}.Release|Any CPU.ActiveCfg = Release|Any CPU
		{4E2D9FCC-0B25-4748-A39C-0C8033A88384}.Release|Any CPU.Build.0 = Release|Any CPU
	EndGlobalSection
	GlobalSection(SolutionProperties) = preSolution
		HideSolutionNode = FALSE
	EndGlobalSection
	GlobalSection(ExtensibilityGlobals) = postSolution
		SolutionGuid = {6F856EF4-5286-42A2-89A7-6A98A4174AAD}
	EndGlobalSection
EndGlobal
