
Microsoft Visual Studio Solution File, Format Version 12.00
# Visual Studio Version 17
VisualStudioVersion = 17.3.32901.215
MinimumVisualStudioVersion = 10.0.40219.1
Project("{FAE04EC0-301F-11D3-BF4B-00C04F79EFBC}") = "API", "API\API.csproj", "{56798809-6B96-4D21-B13A-B041830A27CB}"
EndProject
Global
	GlobalSection(SolutionConfigurationPlatforms) = preSolution
		Debug|Any CPU = Debug|Any CPU
		Release|Any CPU = Release|Any CPU
	EndGlobalSection
	GlobalSection(ProjectConfigurationPlatforms) = postSolution
		{56798809-6B96-4D21-B13A-B041830A27CB}.Debug|Any CPU.ActiveCfg = Debug|Any CPU
		{56798809-6B96-4D21-B13A-B041830A27CB}.Debug|Any CPU.Build.0 = Debug|Any CPU
		{56798809-6B96-4D21-B13A-B041830A27CB}.Release|Any CPU.ActiveCfg = Release|Any CPU
		{56798809-6B96-4D21-B13A-B041830A27CB}.Release|Any CPU.Build.0 = Release|Any CPU
	EndGlobalSection
	GlobalSection(SolutionProperties) = preSolution
		HideSolutionNode = FALSE
	EndGlobalSection
	GlobalSection(ExtensibilityGlobals) = postSolution
		SolutionGuid = {1F264936-42F7-46F2-96BC-C70C57792E48}
	EndGlobalSection
EndGlobal
