
Microsoft Visual Studio Solution File, Format Version 12.00
# Visual Studio Version 17
VisualStudioVersion = 17.3.32901.215
MinimumVisualStudioVersion = 10.0.40219.1
Project("{FAE04EC0-301F-11D3-BF4B-00C04F79EFBC}") = "TranVanDung_2019603537", "TranVanDung_2019603537\TranVanDung_2019603537.csproj", "{1F965C48-FDF1-4110-9B4E-F0E7C6C78D48}"
EndProject
Global
	GlobalSection(SolutionConfigurationPlatforms) = preSolution
		Debug|Any CPU = Debug|Any CPU
		Release|Any CPU = Release|Any CPU
	EndGlobalSection
	GlobalSection(ProjectConfigurationPlatforms) = postSolution
		{1F965C48-FDF1-4110-9B4E-F0E7C6C78D48}.Debug|Any CPU.ActiveCfg = Debug|Any CPU
		{1F965C48-FDF1-4110-9B4E-F0E7C6C78D48}.Debug|Any CPU.Build.0 = Debug|Any CPU
		{1F965C48-FDF1-4110-9B4E-F0E7C6C78D48}.Release|Any CPU.ActiveCfg = Release|Any CPU
		{1F965C48-FDF1-4110-9B4E-F0E7C6C78D48}.Release|Any CPU.Build.0 = Release|Any CPU
	EndGlobalSection
	GlobalSection(SolutionProperties) = preSolution
		HideSolutionNode = FALSE
	EndGlobalSection
	GlobalSection(ExtensibilityGlobals) = postSolution
		SolutionGuid = {83DB554C-A7F9-44F6-990D-6CE47A74D9B2}
	EndGlobalSection
EndGlobal
