
Microsoft Visual Studio Solution File, Format Version 12.00
# Visual Studio Version 17
VisualStudioVersion = 17.3.32901.215
MinimumVisualStudioVersion = 10.0.40219.1
Project("{FAE04EC0-301F-11D3-BF4B-00C04F79EFBC}") = "Bai11_P1", "Bai11_P1\Bai11_P1.csproj", "{CD153F54-4AE0-4A74-9FBC-29590CA59D00}"
EndProject
Global
	GlobalSection(SolutionConfigurationPlatforms) = preSolution
		Debug|Any CPU = Debug|Any CPU
		Release|Any CPU = Release|Any CPU
	EndGlobalSection
	GlobalSection(ProjectConfigurationPlatforms) = postSolution
		{CD153F54-4AE0-4A74-9FBC-29590CA59D00}.Debug|Any CPU.ActiveCfg = Debug|Any CPU
		{CD153F54-4AE0-4A74-9FBC-29590CA59D00}.Debug|Any CPU.Build.0 = Debug|Any CPU
		{CD153F54-4AE0-4A74-9FBC-29590CA59D00}.Release|Any CPU.ActiveCfg = Release|Any CPU
		{CD153F54-4AE0-4A74-9FBC-29590CA59D00}.Release|Any CPU.Build.0 = Release|Any CPU
	EndGlobalSection
	GlobalSection(SolutionProperties) = preSolution
		HideSolutionNode = FALSE
	EndGlobalSection
	GlobalSection(ExtensibilityGlobals) = postSolution
		SolutionGuid = {123B5412-D574-409A-ADC3-6AE4E181317A}
	EndGlobalSection
EndGlobal
