
Microsoft Visual Studio Solution File, Format Version 12.00
# Visual Studio Version 17
VisualStudioVersion = 17.3.32901.215
MinimumVisualStudioVersion = 10.0.40219.1
Project("{FAE04EC0-301F-11D3-BF4B-00C04F79EFBC}") = "QLBanHangV1", "QLBanHangV1\QLBanHangV1.csproj", "{0B5B4315-C648-4EC3-8C5F-83F4AD8497CB}"
EndProject
Global
	GlobalSection(SolutionConfigurationPlatforms) = preSolution
		Debug|Any CPU = Debug|Any CPU
		Release|Any CPU = Release|Any CPU
	EndGlobalSection
	GlobalSection(ProjectConfigurationPlatforms) = postSolution
		{0B5B4315-C648-4EC3-8C5F-83F4AD8497CB}.Debug|Any CPU.ActiveCfg = Debug|Any CPU
		{0B5B4315-C648-4EC3-8C5F-83F4AD8497CB}.Debug|Any CPU.Build.0 = Debug|Any CPU
		{0B5B4315-C648-4EC3-8C5F-83F4AD8497CB}.Release|Any CPU.ActiveCfg = Release|Any CPU
		{0B5B4315-C648-4EC3-8C5F-83F4AD8497CB}.Release|Any CPU.Build.0 = Release|Any CPU
	EndGlobalSection
	GlobalSection(SolutionProperties) = preSolution
		HideSolutionNode = FALSE
	EndGlobalSection
	GlobalSection(ExtensibilityGlobals) = postSolution
		SolutionGuid = {2D501F5A-777E-416E-8198-7C2660A5EDFF}
	EndGlobalSection
EndGlobal
