
Microsoft Visual Studio Solution File, Format Version 12.00
# Visual Studio Version 17
VisualStudioVersion = 17.3.32901.215
MinimumVisualStudioVersion = 10.0.40219.1
Project("{FAE04EC0-301F-11D3-BF4B-00C04F79EFBC}") = "TranVanDung_2019603537", "TranVanDung_2019603537\TranVanDung_2019603537.csproj", "{76A5F0B8-56EA-4399-9DCF-DF793323827E}"
EndProject
Project("{2150E333-8FDC-42A3-9474-1A3956D46DE8}") = "DangKy", "DangKy", "{28E01B13-B987-4737-8199-2830D453EB1B}"
	ProjectSection(SolutionItems) = preProject
		DangKy.xml = DangKy.xml
		DangKy.xsd = DangKy.xsd
		DangKy.xslt = DangKy.xslt
	EndProjectSection
EndProject
Global
	GlobalSection(SolutionConfigurationPlatforms) = preSolution
		Debug|Any CPU = Debug|Any CPU
		Release|Any CPU = Release|Any CPU
	EndGlobalSection
	GlobalSection(ProjectConfigurationPlatforms) = postSolution
		{76A5F0B8-56EA-4399-9DCF-DF793323827E}.Debug|Any CPU.ActiveCfg = Debug|Any CPU
		{76A5F0B8-56EA-4399-9DCF-DF793323827E}.Debug|Any CPU.Build.0 = Debug|Any CPU
		{76A5F0B8-56EA-4399-9DCF-DF793323827E}.Release|Any CPU.ActiveCfg = Release|Any CPU
		{76A5F0B8-56EA-4399-9DCF-DF793323827E}.Release|Any CPU.Build.0 = Release|Any CPU
	EndGlobalSection
	GlobalSection(SolutionProperties) = preSolution
		HideSolutionNode = FALSE
	EndGlobalSection
	GlobalSection(ExtensibilityGlobals) = postSolution
		SolutionGuid = {BB2E612D-4D6C-4A6C-BB91-27D298F3E890}
	EndGlobalSection
EndGlobal
