
Microsoft Visual Studio Solution File, Format Version 12.00
# Visual Studio Version 17
VisualStudioVersion = 17.3.32901.215
MinimumVisualStudioVersion = 10.0.40219.1
Project("{FAE04EC0-301F-11D3-BF4B-00C04F79EFBC}") = "TranVanDung_2019603537", "TranVanDung_2019603537\TranVanDung_2019603537.csproj", "{946E9BDA-7699-48E1-B8CD-C0449368E968}"
EndProject
Global
	GlobalSection(SolutionConfigurationPlatforms) = preSolution
		Debug|Any CPU = Debug|Any CPU
		Release|Any CPU = Release|Any CPU
	EndGlobalSection
	GlobalSection(ProjectConfigurationPlatforms) = postSolution
		{946E9BDA-7699-48E1-B8CD-C0449368E968}.Debug|Any CPU.ActiveCfg = Debug|Any CPU
		{946E9BDA-7699-48E1-B8CD-C0449368E968}.Debug|Any CPU.Build.0 = Debug|Any CPU
		{946E9BDA-7699-48E1-B8CD-C0449368E968}.Release|Any CPU.ActiveCfg = Release|Any CPU
		{946E9BDA-7699-48E1-B8CD-C0449368E968}.Release|Any CPU.Build.0 = Release|Any CPU
	EndGlobalSection
	GlobalSection(SolutionProperties) = preSolution
		HideSolutionNode = FALSE
	EndGlobalSection
	GlobalSection(ExtensibilityGlobals) = postSolution
		SolutionGuid = {45920B43-689C-4C34-A6C1-9E503B5CDA33}
	EndGlobalSection
EndGlobal
